
Microsoft Visual Studio Solution File, Format Version 12.00
# Visual Studio Version 16
VisualStudioVersion = 16.0.29201.188
MinimumVisualStudioVersion = 10.0.40219.1
Project("{FAE04EC0-301F-11D3-BF4B-00C04F79EFBC}") = "LARP.Science", "LARP.Science.csproj", "{A0832203-106B-43C0-9341-CA292F8A6DA1}"
EndProject
Project("{FAE04EC0-301F-11D3-BF4B-00C04F79EFBC}") = "LARP.Minesweeper", "..\LARP.Minesweeper\Minesweeper.WPF\LARP.Minesweeper.csproj", "{66A6F30A-0C5A-4DC7-BDC8-09DB8A613717}"
EndProject
Global
	GlobalSection(SolutionConfigurationPlatforms) = preSolution
		Debug|Any CPU = Debug|Any CPU
		Debug-Read|Any CPU = Debug-Read|Any CPU
		Debug-Write|Any CPU = Debug-Write|Any CPU
		Release|Any CPU = Release|Any CPU
	EndGlobalSection
	GlobalSection(ProjectConfigurationPlatforms) = postSolution
		{A0832203-106B-43C0-9341-CA292F8A6DA1}.Debug|Any CPU.ActiveCfg = Debug|Any CPU
		{A0832203-106B-43C0-9341-CA292F8A6DA1}.Debug|Any CPU.Build.0 = Debug|Any CPU
		{A0832203-106B-43C0-9341-CA292F8A6DA1}.Debug-Read|Any CPU.ActiveCfg = Debug-Read|Any CPU
		{A0832203-106B-43C0-9341-CA292F8A6DA1}.Debug-Read|Any CPU.Build.0 = Debug-Read|Any CPU
		{A0832203-106B-43C0-9341-CA292F8A6DA1}.Debug-Write|Any CPU.ActiveCfg = Debug|Any CPU
		{A0832203-106B-43C0-9341-CA292F8A6DA1}.Debug-Write|Any CPU.Build.0 = Debug|Any CPU
		{A0832203-106B-43C0-9341-CA292F8A6DA1}.Release|Any CPU.ActiveCfg = Release|Any CPU
		{A0832203-106B-43C0-9341-CA292F8A6DA1}.Release|Any CPU.Build.0 = Release|Any CPU
		{66A6F30A-0C5A-4DC7-BDC8-09DB8A613717}.Debug|Any CPU.ActiveCfg = Debug|Any CPU
		{66A6F30A-0C5A-4DC7-BDC8-09DB8A613717}.Debug|Any CPU.Build.0 = Debug|Any CPU
		{66A6F30A-0C5A-4DC7-BDC8-09DB8A613717}.Debug-Read|Any CPU.ActiveCfg = Debug|Any CPU
		{66A6F30A-0C5A-4DC7-BDC8-09DB8A613717}.Debug-Read|Any CPU.Build.0 = Debug|Any CPU
		{66A6F30A-0C5A-4DC7-BDC8-09DB8A613717}.Debug-Write|Any CPU.ActiveCfg = Debug|Any CPU
		{66A6F30A-0C5A-4DC7-BDC8-09DB8A613717}.Debug-Write|Any CPU.Build.0 = Debug|Any CPU
		{66A6F30A-0C5A-4DC7-BDC8-09DB8A613717}.Release|Any CPU.ActiveCfg = Release|Any CPU
		{66A6F30A-0C5A-4DC7-BDC8-09DB8A613717}.Release|Any CPU.Build.0 = Release|Any CPU
	EndGlobalSection
	GlobalSection(SolutionProperties) = preSolution
		HideSolutionNode = FALSE
	EndGlobalSection
	GlobalSection(ExtensibilityGlobals) = postSolution
		SolutionGuid = {A46903B9-7D43-47D7-BC59-3639293725DD}
	EndGlobalSection
EndGlobal
