
Microsoft Visual Studio Solution File, Format Version 12.00
# Visual Studio Version 16
VisualStudioVersion = 16.0.29201.188
MinimumVisualStudioVersion = 10.0.40219.1
Project("{FAE04EC0-301F-11D3-BF4B-00C04F79EFBC}") = "LARP.Science", "LARP.Science.csproj", "{A0832203-106B-43C0-9341-CA292F8A6DA1}"
EndProject
Project("{FAE04EC0-301F-11D3-BF4B-00C04F79EFBC}") = "LARP.Minesweeper", "..\LARP.Minesweeper\Minesweeper.WPF\LARP.Minesweeper.csproj", "{66A6F30A-0C5A-4DC7-BDC8-09DB8A613717}"
EndProject
Project("{9A19103F-16F7-4668-BE54-9A1E7A4F7556}") = "AsdolgTools", "..\AsdolgTools\AsdolgTools.csproj", "{0B850CA9-B065-451D-9BF5-E310D823988C}"
EndProject
Project("{FAE04EC0-301F-11D3-BF4B-00C04F79EFBC}") = "WPFCustomMessageBox", "..\WPFCustomMessageBox\WPFCustomMessageBox.csproj", "{ED02D418-7C0E-4E6C-99A9-BE4357122AE7}"
EndProject
Global
	GlobalSection(SolutionConfigurationPlatforms) = preSolution
		Debug|Any CPU = Debug|Any CPU
		Debug|x86 = Debug|x86
		Debug-Read|Any CPU = Debug-Read|Any CPU
		Debug-Read|x86 = Debug-Read|x86
		Debug-Write|Any CPU = Debug-Write|Any CPU
		Debug-Write|x86 = Debug-Write|x86
		Release|Any CPU = Release|Any CPU
		Release|x86 = Release|x86
	EndGlobalSection
	GlobalSection(ProjectConfigurationPlatforms) = postSolution
		{A0832203-106B-43C0-9341-CA292F8A6DA1}.Debug|Any CPU.ActiveCfg = Debug|Any CPU
		{A0832203-106B-43C0-9341-CA292F8A6DA1}.Debug|Any CPU.Build.0 = Debug|Any CPU
		{A0832203-106B-43C0-9341-CA292F8A6DA1}.Debug|x86.ActiveCfg = Debug|Any CPU
		{A0832203-106B-43C0-9341-CA292F8A6DA1}.Debug|x86.Build.0 = Debug|Any CPU
		{A0832203-106B-43C0-9341-CA292F8A6DA1}.Debug-Read|Any CPU.ActiveCfg = Debug-Read|Any CPU
		{A0832203-106B-43C0-9341-CA292F8A6DA1}.Debug-Read|Any CPU.Build.0 = Debug-Read|Any CPU
		{A0832203-106B-43C0-9341-CA292F8A6DA1}.Debug-Read|x86.ActiveCfg = Debug-Read|Any CPU
		{A0832203-106B-43C0-9341-CA292F8A6DA1}.Debug-Read|x86.Build.0 = Debug-Read|Any CPU
		{A0832203-106B-43C0-9341-CA292F8A6DA1}.Debug-Write|Any CPU.ActiveCfg = Debug|Any CPU
		{A0832203-106B-43C0-9341-CA292F8A6DA1}.Debug-Write|Any CPU.Build.0 = Debug|Any CPU
		{A0832203-106B-43C0-9341-CA292F8A6DA1}.Debug-Write|x86.ActiveCfg = Debug-Read|Any CPU
		{A0832203-106B-43C0-9341-CA292F8A6DA1}.Debug-Write|x86.Build.0 = Debug-Read|Any CPU
		{A0832203-106B-43C0-9341-CA292F8A6DA1}.Release|Any CPU.ActiveCfg = Release|Any CPU
		{A0832203-106B-43C0-9341-CA292F8A6DA1}.Release|Any CPU.Build.0 = Release|Any CPU
		{A0832203-106B-43C0-9341-CA292F8A6DA1}.Release|x86.ActiveCfg = Release|Any CPU
		{A0832203-106B-43C0-9341-CA292F8A6DA1}.Release|x86.Build.0 = Release|Any CPU
		{66A6F30A-0C5A-4DC7-BDC8-09DB8A613717}.Debug|Any CPU.ActiveCfg = Debug|Any CPU
		{66A6F30A-0C5A-4DC7-BDC8-09DB8A613717}.Debug|Any CPU.Build.0 = Debug|Any CPU
		{66A6F30A-0C5A-4DC7-BDC8-09DB8A613717}.Debug|x86.ActiveCfg = Debug|Any CPU
		{66A6F30A-0C5A-4DC7-BDC8-09DB8A613717}.Debug|x86.Build.0 = Debug|Any CPU
		{66A6F30A-0C5A-4DC7-BDC8-09DB8A613717}.Debug-Read|Any CPU.ActiveCfg = Debug|Any CPU
		{66A6F30A-0C5A-4DC7-BDC8-09DB8A613717}.Debug-Read|Any CPU.Build.0 = Debug|Any CPU
		{66A6F30A-0C5A-4DC7-BDC8-09DB8A613717}.Debug-Read|x86.ActiveCfg = Debug|Any CPU
		{66A6F30A-0C5A-4DC7-BDC8-09DB8A613717}.Debug-Read|x86.Build.0 = Debug|Any CPU
		{66A6F30A-0C5A-4DC7-BDC8-09DB8A613717}.Debug-Write|Any CPU.ActiveCfg = Debug|Any CPU
		{66A6F30A-0C5A-4DC7-BDC8-09DB8A613717}.Debug-Write|Any CPU.Build.0 = Debug|Any CPU
		{66A6F30A-0C5A-4DC7-BDC8-09DB8A613717}.Debug-Write|x86.ActiveCfg = Debug|Any CPU
		{66A6F30A-0C5A-4DC7-BDC8-09DB8A613717}.Debug-Write|x86.Build.0 = Debug|Any CPU
		{66A6F30A-0C5A-4DC7-BDC8-09DB8A613717}.Release|Any CPU.ActiveCfg = Release|Any CPU
		{66A6F30A-0C5A-4DC7-BDC8-09DB8A613717}.Release|Any CPU.Build.0 = Release|Any CPU
		{66A6F30A-0C5A-4DC7-BDC8-09DB8A613717}.Release|x86.ActiveCfg = Release|Any CPU
		{66A6F30A-0C5A-4DC7-BDC8-09DB8A613717}.Release|x86.Build.0 = Release|Any CPU
		{0B850CA9-B065-451D-9BF5-E310D823988C}.Debug|Any CPU.ActiveCfg = Debug|Any CPU
		{0B850CA9-B065-451D-9BF5-E310D823988C}.Debug|Any CPU.Build.0 = Debug|Any CPU
		{0B850CA9-B065-451D-9BF5-E310D823988C}.Debug|x86.ActiveCfg = Debug|Any CPU
		{0B850CA9-B065-451D-9BF5-E310D823988C}.Debug|x86.Build.0 = Debug|Any CPU
		{0B850CA9-B065-451D-9BF5-E310D823988C}.Debug-Read|Any CPU.ActiveCfg = Debug|Any CPU
		{0B850CA9-B065-451D-9BF5-E310D823988C}.Debug-Read|Any CPU.Build.0 = Debug|Any CPU
		{0B850CA9-B065-451D-9BF5-E310D823988C}.Debug-Read|x86.ActiveCfg = Debug|Any CPU
		{0B850CA9-B065-451D-9BF5-E310D823988C}.Debug-Read|x86.Build.0 = Debug|Any CPU
		{0B850CA9-B065-451D-9BF5-E310D823988C}.Debug-Write|Any CPU.ActiveCfg = Debug|Any CPU
		{0B850CA9-B065-451D-9BF5-E310D823988C}.Debug-Write|Any CPU.Build.0 = Debug|Any CPU
		{0B850CA9-B065-451D-9BF5-E310D823988C}.Debug-Write|x86.ActiveCfg = Debug|Any CPU
		{0B850CA9-B065-451D-9BF5-E310D823988C}.Debug-Write|x86.Build.0 = Debug|Any CPU
		{0B850CA9-B065-451D-9BF5-E310D823988C}.Release|Any CPU.ActiveCfg = Release|Any CPU
		{0B850CA9-B065-451D-9BF5-E310D823988C}.Release|Any CPU.Build.0 = Release|Any CPU
		{0B850CA9-B065-451D-9BF5-E310D823988C}.Release|x86.ActiveCfg = Release|Any CPU
		{0B850CA9-B065-451D-9BF5-E310D823988C}.Release|x86.Build.0 = Release|Any CPU
		{ED02D418-7C0E-4E6C-99A9-BE4357122AE7}.Debug|Any CPU.ActiveCfg = Debug|Any CPU
		{ED02D418-7C0E-4E6C-99A9-BE4357122AE7}.Debug|Any CPU.Build.0 = Debug|Any CPU
		{ED02D418-7C0E-4E6C-99A9-BE4357122AE7}.Debug|x86.ActiveCfg = Debug|x86
		{ED02D418-7C0E-4E6C-99A9-BE4357122AE7}.Debug|x86.Build.0 = Debug|x86
		{ED02D418-7C0E-4E6C-99A9-BE4357122AE7}.Debug-Read|Any CPU.ActiveCfg = Debug|Any CPU
		{ED02D418-7C0E-4E6C-99A9-BE4357122AE7}.Debug-Read|Any CPU.Build.0 = Debug|Any CPU
		{ED02D418-7C0E-4E6C-99A9-BE4357122AE7}.Debug-Read|x86.ActiveCfg = Debug|x86
		{ED02D418-7C0E-4E6C-99A9-BE4357122AE7}.Debug-Read|x86.Build.0 = Debug|x86
		{ED02D418-7C0E-4E6C-99A9-BE4357122AE7}.Debug-Write|Any CPU.ActiveCfg = Debug|Any CPU
		{ED02D418-7C0E-4E6C-99A9-BE4357122AE7}.Debug-Write|Any CPU.Build.0 = Debug|Any CPU
		{ED02D418-7C0E-4E6C-99A9-BE4357122AE7}.Debug-Write|x86.ActiveCfg = Debug|x86
		{ED02D418-7C0E-4E6C-99A9-BE4357122AE7}.Debug-Write|x86.Build.0 = Debug|x86
		{ED02D418-7C0E-4E6C-99A9-BE4357122AE7}.Release|Any CPU.ActiveCfg = Release|Any CPU
		{ED02D418-7C0E-4E6C-99A9-BE4357122AE7}.Release|Any CPU.Build.0 = Release|Any CPU
		{ED02D418-7C0E-4E6C-99A9-BE4357122AE7}.Release|x86.ActiveCfg = Release|x86
		{ED02D418-7C0E-4E6C-99A9-BE4357122AE7}.Release|x86.Build.0 = Release|x86
	EndGlobalSection
	GlobalSection(SolutionProperties) = preSolution
		HideSolutionNode = FALSE
	EndGlobalSection
	GlobalSection(ExtensibilityGlobals) = postSolution
		SolutionGuid = {A46903B9-7D43-47D7-BC59-3639293725DD}
	EndGlobalSection
EndGlobal
